// !$*UTF8*$!
{
	archiveVersion = 1;
	classes = {
	};
	objectVersion = 46;
	objects = {

/* Begin PBXBuildFile section */
		A21E0AA01A42713600BA2182 /* JTTTextResult.m in Sources */ = {isa = PBXBuildFile; fileRef = A21E0A921A42713600BA2182 /* JTTTextResult.m */; };
		A21E0AA11A42713600BA2182 /* NSString+JTTTextGetter.m in Sources */ = {isa = PBXBuildFile; fileRef = A21E0A941A42713600BA2182 /* NSString+JTTTextGetter.m */; };
		A21E0AA21A42713600BA2182 /* NSTextView+JTTTextGetter.m in Sources */ = {isa = PBXBuildFile; fileRef = A21E0A961A42713600BA2182 /* NSTextView+JTTTextGetter.m */; };
		A21E0AA31A42713600BA2182 /* JTTKeyboardEventSender.m in Sources */ = {isa = PBXBuildFile; fileRef = A21E0A991A42713600BA2182 /* JTTKeyboardEventSender.m */; };
		A21E0AAA1A4273AD00BA2182 /* AnccSettingWC.m in Sources */ = {isa = PBXBuildFile; fileRef = A21E0AA81A4273AD00BA2182 /* AnccSettingWC.m */; };
		A21E0AAB1A4273AD00BA2182 /* AnccSettingWC.xib in Resources */ = {isa = PBXBuildFile; fileRef = A21E0AA91A4273AD00BA2182 /* AnccSettingWC.xib */; };
		A21E0AAE1A42759D00BA2182 /* AnccDataManager.m in Sources */ = {isa = PBXBuildFile; fileRef = A21E0AAD1A42759D00BA2182 /* AnccDataManager.m */; };
		A242867F1A4188AE00AABDF9 /* AppKit.framework in Frameworks */ = {isa = PBXBuildFile; fileRef = A242867E1A4188AE00AABDF9 /* AppKit.framework */; };
		A24286811A4188AE00AABDF9 /* Foundation.framework in Frameworks */ = {isa = PBXBuildFile; fileRef = A24286801A4188AE00AABDF9 /* Foundation.framework */; };
		A24286861A4188AE00AABDF9 /* Anccccccc.xcscheme in Resources */ = {isa = PBXBuildFile; fileRef = A24286851A4188AE00AABDF9 /* Anccccccc.xcscheme */; };
		A24286891A4188AF00AABDF9 /* Anccccccc.m in Sources */ = {isa = PBXBuildFile; fileRef = A24286881A4188AF00AABDF9 /* Anccccccc.m */; };
/* End PBXBuildFile section */

/* Begin PBXFileReference section */
		A21E0A911A42713600BA2182 /* JTTTextResult.h */ = {isa = PBXFileReference; fileEncoding = 4; lastKnownFileType = sourcecode.c.h; path = JTTTextResult.h; sourceTree = "<group>"; };
		A21E0A921A42713600BA2182 /* JTTTextResult.m */ = {isa = PBXFileReference; fileEncoding = 4; lastKnownFileType = sourcecode.c.objc; path = JTTTextResult.m; sourceTree = "<group>"; };
		A21E0A931A42713600BA2182 /* NSString+JTTTextGetter.h */ = {isa = PBXFileReference; fileEncoding = 4; lastKnownFileType = sourcecode.c.h; path = "NSString+JTTTextGetter.h"; sourceTree = "<group>"; };
		A21E0A941A42713600BA2182 /* NSString+JTTTextGetter.m */ = {isa = PBXFileReference; fileEncoding = 4; lastKnownFileType = sourcecode.c.objc; path = "NSString+JTTTextGetter.m"; sourceTree = "<group>"; };
		A21E0A951A42713600BA2182 /* NSTextView+JTTTextGetter.h */ = {isa = PBXFileReference; fileEncoding = 4; lastKnownFileType = sourcecode.c.h; path = "NSTextView+JTTTextGetter.h"; sourceTree = "<group>"; };
		A21E0A961A42713600BA2182 /* NSTextView+JTTTextGetter.m */ = {isa = PBXFileReference; fileEncoding = 4; lastKnownFileType = sourcecode.c.objc; path = "NSTextView+JTTTextGetter.m"; sourceTree = "<group>"; };
		A21E0A981A42713600BA2182 /* JTTKeyboardEventSender.h */ = {isa = PBXFileReference; fileEncoding = 4; lastKnownFileType = sourcecode.c.h; path = JTTKeyboardEventSender.h; sourceTree = "<group>"; };
		A21E0A991A42713600BA2182 /* JTTKeyboardEventSender.m */ = {isa = PBXFileReference; fileEncoding = 4; lastKnownFileType = sourcecode.c.objc; path = JTTKeyboardEventSender.m; sourceTree = "<group>"; };
		A21E0AA71A4273AD00BA2182 /* AnccSettingWC.h */ = {isa = PBXFileReference; fileEncoding = 4; lastKnownFileType = sourcecode.c.h; path = AnccSettingWC.h; sourceTree = "<group>"; };
		A21E0AA81A4273AD00BA2182 /* AnccSettingWC.m */ = {isa = PBXFileReference; fileEncoding = 4; lastKnownFileType = sourcecode.c.objc; path = AnccSettingWC.m; sourceTree = "<group>"; };
		A21E0AA91A4273AD00BA2182 /* AnccSettingWC.xib */ = {isa = PBXFileReference; fileEncoding = 4; lastKnownFileType = file.xib; path = AnccSettingWC.xib; sourceTree = "<group>"; };
		A21E0AAC1A42759D00BA2182 /* AnccDataManager.h */ = {isa = PBXFileReference; fileEncoding = 4; lastKnownFileType = sourcecode.c.h; path = AnccDataManager.h; sourceTree = "<group>"; };
		A21E0AAD1A42759D00BA2182 /* AnccDataManager.m */ = {isa = PBXFileReference; fileEncoding = 4; lastKnownFileType = sourcecode.c.objc; path = AnccDataManager.m; sourceTree = "<group>"; };
		A242867B1A4188AE00AABDF9 /* Anccccccc.xcplugin */ = {isa = PBXFileReference; explicitFileType = wrapper.cfbundle; includeInIndex = 0; path = Anccccccc.xcplugin; sourceTree = BUILT_PRODUCTS_DIR; };
		A242867E1A4188AE00AABDF9 /* AppKit.framework */ = {isa = PBXFileReference; lastKnownFileType = wrapper.framework; name = AppKit.framework; path = /System/Library/Frameworks/AppKit.framework; sourceTree = "<absolute>"; };
		A24286801A4188AE00AABDF9 /* Foundation.framework */ = {isa = PBXFileReference; lastKnownFileType = wrapper.framework; name = Foundation.framework; path = /System/Library/Frameworks/Foundation.framework; sourceTree = "<absolute>"; };
		A24286841A4188AE00AABDF9 /* Info.plist */ = {isa = PBXFileReference; lastKnownFileType = text.plist.xml; path = Info.plist; sourceTree = "<group>"; };
		A24286851A4188AE00AABDF9 /* Anccccccc.xcscheme */ = {isa = PBXFileReference; lastKnownFileType = text.xml; name = Anccccccc.xcscheme; path = Anccccccc.xcodeproj/xcshareddata/xcschemes/Anccccccc.xcscheme; sourceTree = SOURCE_ROOT; };
		A24286871A4188AE00AABDF9 /* Anccccccc.h */ = {isa = PBXFileReference; lastKnownFileType = sourcecode.c.h; path = Anccccccc.h; sourceTree = "<group>"; };
		A24286881A4188AF00AABDF9 /* Anccccccc.m */ = {isa = PBXFileReference; lastKnownFileType = sourcecode.c.objc; path = Anccccccc.m; sourceTree = "<group>"; };
/* End PBXFileReference section */

/* Begin PBXFrameworksBuildPhase section */
		A24286791A4188AE00AABDF9 /* Frameworks */ = {
			isa = PBXFrameworksBuildPhase;
			buildActionMask = 2147483647;
			files = (
				A242867F1A4188AE00AABDF9 /* AppKit.framework in Frameworks */,
				A24286811A4188AE00AABDF9 /* Foundation.framework in Frameworks */,
			);
			runOnlyForDeploymentPostprocessing = 0;
		};
/* End PBXFrameworksBuildPhase section */

/* Begin PBXGroup section */
		A21E0A8F1A42713600BA2182 /* JTTMagicLine */ = {
			isa = PBXGroup;
			children = (
				A21E0A901A42713600BA2182 /* JTTCategory */,
				A21E0A971A42713600BA2182 /* JTTKeyboard */,
			);
			path = JTTMagicLine;
			sourceTree = "<group>";
		};
		A21E0A901A42713600BA2182 /* JTTCategory */ = {
			isa = PBXGroup;
			children = (
				A21E0A911A42713600BA2182 /* JTTTextResult.h */,
				A21E0A921A42713600BA2182 /* JTTTextResult.m */,
				A21E0A931A42713600BA2182 /* NSString+JTTTextGetter.h */,
				A21E0A941A42713600BA2182 /* NSString+JTTTextGetter.m */,
				A21E0A951A42713600BA2182 /* NSTextView+JTTTextGetter.h */,
				A21E0A961A42713600BA2182 /* NSTextView+JTTTextGetter.m */,
			);
			path = JTTCategory;
			sourceTree = "<group>";
		};
		A21E0A971A42713600BA2182 /* JTTKeyboard */ = {
			isa = PBXGroup;
			children = (
				A21E0A981A42713600BA2182 /* JTTKeyboardEventSender.h */,
				A21E0A991A42713600BA2182 /* JTTKeyboardEventSender.m */,
			);
			path = JTTKeyboard;
			sourceTree = "<group>";
		};
		A24286721A4188AE00AABDF9 = {
			isa = PBXGroup;
			children = (
				A21E0A8F1A42713600BA2182 /* JTTMagicLine */,
				A24286821A4188AE00AABDF9 /* Anccccccc */,
				A242867D1A4188AE00AABDF9 /* Frameworks */,
				A242867C1A4188AE00AABDF9 /* Products */,
			);
			sourceTree = "<group>";
		};
		A242867C1A4188AE00AABDF9 /* Products */ = {
			isa = PBXGroup;
			children = (
				A242867B1A4188AE00AABDF9 /* Anccccccc.xcplugin */,
			);
			name = Products;
			sourceTree = "<group>";
		};
		A242867D1A4188AE00AABDF9 /* Frameworks */ = {
			isa = PBXGroup;
			children = (
				A242867E1A4188AE00AABDF9 /* AppKit.framework */,
				A24286801A4188AE00AABDF9 /* Foundation.framework */,
			);
			name = Frameworks;
			sourceTree = "<group>";
		};
		A24286821A4188AE00AABDF9 /* Anccccccc */ = {
			isa = PBXGroup;
			children = (
				A24286871A4188AE00AABDF9 /* Anccccccc.h */,
				A24286881A4188AF00AABDF9 /* Anccccccc.m */,
				A21E0AA71A4273AD00BA2182 /* AnccSettingWC.h */,
				A21E0AA81A4273AD00BA2182 /* AnccSettingWC.m */,
				A21E0AA91A4273AD00BA2182 /* AnccSettingWC.xib */,
				A21E0AAC1A42759D00BA2182 /* AnccDataManager.h */,
				A21E0AAD1A42759D00BA2182 /* AnccDataManager.m */,
				A24286831A4188AE00AABDF9 /* Supporting Files */,
			);
			path = Anccccccc;
			sourceTree = "<group>";
		};
		A24286831A4188AE00AABDF9 /* Supporting Files */ = {
			isa = PBXGroup;
			children = (
				A24286841A4188AE00AABDF9 /* Info.plist */,
				A24286851A4188AE00AABDF9 /* Anccccccc.xcscheme */,
			);
			name = "Supporting Files";
			sourceTree = "<group>";
		};
/* End PBXGroup section */

/* Begin PBXNativeTarget section */
		A242867A1A4188AE00AABDF9 /* Anccccccc */ = {
			isa = PBXNativeTarget;
			buildConfigurationList = A242868C1A4188AF00AABDF9 /* Build configuration list for PBXNativeTarget "Anccccccc" */;
			buildPhases = (
				A24286771A4188AE00AABDF9 /* Sources */,
				A24286781A4188AE00AABDF9 /* Resources */,
				A24286791A4188AE00AABDF9 /* Frameworks */,
			);
			buildRules = (
			);
			dependencies = (
			);
			name = Anccccccc;
			productName = Anccccccc;
			productReference = A242867B1A4188AE00AABDF9 /* Anccccccc.xcplugin */;
			productType = "com.apple.product-type.bundle";
		};
/* End PBXNativeTarget section */

/* Begin PBXProject section */
		A24286731A4188AE00AABDF9 /* Project object */ = {
			isa = PBXProject;
			attributes = {
				LastUpgradeCheck = 0610;
				ORGANIZATIONNAME = Ancc;
				TargetAttributes = {
					A242867A1A4188AE00AABDF9 = {
						CreatedOnToolsVersion = 6.1.1;
					};
				};
			};
			buildConfigurationList = A24286761A4188AE00AABDF9 /* Build configuration list for PBXProject "Anccccccc" */;
			compatibilityVersion = "Xcode 3.2";
			developmentRegion = English;
			hasScannedForEncodings = 0;
			knownRegions = (
				en,
			);
			mainGroup = A24286721A4188AE00AABDF9;
			productRefGroup = A242867C1A4188AE00AABDF9 /* Products */;
			projectDirPath = "";
			projectRoot = "";
			targets = (
				A242867A1A4188AE00AABDF9 /* Anccccccc */,
			);
		};
/* End PBXProject section */

/* Begin PBXResourcesBuildPhase section */
		A24286781A4188AE00AABDF9 /* Resources */ = {
			isa = PBXResourcesBuildPhase;
			buildActionMask = 2147483647;
			files = (
				A21E0AAB1A4273AD00BA2182 /* AnccSettingWC.xib in Resources */,
				A24286861A4188AE00AABDF9 /* Anccccccc.xcscheme in Resources */,
			);
			runOnlyForDeploymentPostprocessing = 0;
		};
/* End PBXResourcesBuildPhase section */

/* Begin PBXSourcesBuildPhase section */
		A24286771A4188AE00AABDF9 /* Sources */ = {
			isa = PBXSourcesBuildPhase;
			buildActionMask = 2147483647;
			files = (
				A21E0AA11A42713600BA2182 /* NSString+JTTTextGetter.m in Sources */,
				A21E0AA31A42713600BA2182 /* JTTKeyboardEventSender.m in Sources */,
				A21E0AA01A42713600BA2182 /* JTTTextResult.m in Sources */,
				A21E0AAE1A42759D00BA2182 /* AnccDataManager.m in Sources */,
				A24286891A4188AF00AABDF9 /* Anccccccc.m in Sources */,
				A21E0AA21A42713600BA2182 /* NSTextView+JTTTextGetter.m in Sources */,
				A21E0AAA1A4273AD00BA2182 /* AnccSettingWC.m in Sources */,
			);
			runOnlyForDeploymentPostprocessing = 0;
		};
/* End PBXSourcesBuildPhase section */

/* Begin XCBuildConfiguration section */
		A242868A1A4188AF00AABDF9 /* Debug */ = {
			isa = XCBuildConfiguration;
			buildSettings = {
				ALWAYS_SEARCH_USER_PATHS = NO;
				CLANG_CXX_LANGUAGE_STANDARD = "gnu++0x";
				CLANG_CXX_LIBRARY = "libc++";
				CLANG_ENABLE_MODULES = YES;
				CLANG_ENABLE_OBJC_ARC = YES;
				CLANG_WARN_BOOL_CONVERSION = YES;
				CLANG_WARN_CONSTANT_CONVERSION = YES;
				CLANG_WARN_DIRECT_OBJC_ISA_USAGE = YES_ERROR;
				CLANG_WARN_EMPTY_BODY = YES;
				CLANG_WARN_ENUM_CONVERSION = YES;
				CLANG_WARN_INT_CONVERSION = YES;
				CLANG_WARN_OBJC_ROOT_CLASS = YES_ERROR;
				CLANG_WARN_UNREACHABLE_CODE = YES;
				CLANG_WARN__DUPLICATE_METHOD_MATCH = YES;
				COPY_PHASE_STRIP = NO;
				ENABLE_STRICT_OBJC_MSGSEND = YES;
				GCC_C_LANGUAGE_STANDARD = gnu99;
				GCC_DYNAMIC_NO_PIC = NO;
				GCC_OPTIMIZATION_LEVEL = 0;
				GCC_PREPROCESSOR_DEFINITIONS = (
					"DEBUG=1",
					"$(inherited)",
				);
				GCC_SYMBOLS_PRIVATE_EXTERN = NO;
				GCC_WARN_64_TO_32_BIT_CONVERSION = YES;
				GCC_WARN_ABOUT_RETURN_TYPE = YES_ERROR;
				GCC_WARN_UNDECLARED_SELECTOR = YES;
				GCC_WARN_UNINITIALIZED_AUTOS = YES_AGGRESSIVE;
				GCC_WARN_UNUSED_FUNCTION = YES;
				GCC_WARN_UNUSED_VARIABLE = YES;
				MTL_ENABLE_DEBUG_INFO = YES;
				ONLY_ACTIVE_ARCH = YES;
			};
			name = Debug;
		};
		A242868B1A4188AF00AABDF9 /* Release */ = {
			isa = XCBuildConfiguration;
			buildSettings = {
				ALWAYS_SEARCH_USER_PATHS = NO;
				CLANG_CXX_LANGUAGE_STANDARD = "gnu++0x";
				CLANG_CXX_LIBRARY = "libc++";
				CLANG_ENABLE_MODULES = YES;
				CLANG_ENABLE_OBJC_ARC = YES;
				CLANG_WARN_BOOL_CONVERSION = YES;
				CLANG_WARN_CONSTANT_CONVERSION = YES;
				CLANG_WARN_DIRECT_OBJC_ISA_USAGE = YES_ERROR;
				CLANG_WARN_EMPTY_BODY = YES;
				CLANG_WARN_ENUM_CONVERSION = YES;
				CLANG_WARN_INT_CONVERSION = YES;
				CLANG_WARN_OBJC_ROOT_CLASS = YES_ERROR;
				CLANG_WARN_UNREACHABLE_CODE = YES;
				CLANG_WARN__DUPLICATE_METHOD_MATCH = YES;
				COPY_PHASE_STRIP = YES;
				ENABLE_NS_ASSERTIONS = NO;
				ENABLE_STRICT_OBJC_MSGSEND = YES;
				GCC_C_LANGUAGE_STANDARD = gnu99;
				GCC_WARN_64_TO_32_BIT_CONVERSION = YES;
				GCC_WARN_ABOUT_RETURN_TYPE = YES_ERROR;
				GCC_WARN_UNDECLARED_SELECTOR = YES;
				GCC_WARN_UNINITIALIZED_AUTOS = YES_AGGRESSIVE;
				GCC_WARN_UNUSED_FUNCTION = YES;
				GCC_WARN_UNUSED_VARIABLE = YES;
				MTL_ENABLE_DEBUG_INFO = NO;
			};
			name = Release;
		};
		A242868D1A4188AF00AABDF9 /* Debug */ = {
			isa = XCBuildConfiguration;
			buildSettings = {
				COMBINE_HIDPI_IMAGES = YES;
				DEPLOYMENT_LOCATION = YES;
				DSTROOT = "$(HOME)";
				INFOPLIST_FILE = Anccccccc/Info.plist;
				INSTALL_PATH = "/Library/Application Support/Developer/Shared/Xcode/Plug-ins";
				MACOSX_DEPLOYMENT_TARGET = 10.10;
				PRODUCT_NAME = "$(TARGET_NAME)";
				WRAPPER_EXTENSION = xcplugin;
			};
			name = Debug;
		};
		A242868E1A4188AF00AABDF9 /* Release */ = {
			isa = XCBuildConfiguration;
			buildSettings = {
				COMBINE_HIDPI_IMAGES = YES;
				DEPLOYMENT_LOCATION = YES;
				DSTROOT = "$(HOME)";
				INFOPLIST_FILE = Anccccccc/Info.plist;
				INSTALL_PATH = "/Library/Application Support/Developer/Shared/Xcode/Plug-ins";
				MACOSX_DEPLOYMENT_TARGET = 10.10;
				PRODUCT_NAME = "$(TARGET_NAME)";
				WRAPPER_EXTENSION = xcplugin;
			};
			name = Release;
		};
/* End XCBuildConfiguration section */

/* Begin XCConfigurationList section */
		A24286761A4188AE00AABDF9 /* Build configuration list for PBXProject "Anccccccc" */ = {
			isa = XCConfigurationList;
			buildConfigurations = (
				A242868A1A4188AF00AABDF9 /* Debug */,
				A242868B1A4188AF00AABDF9 /* Release */,
			);
			defaultConfigurationIsVisible = 0;
			defaultConfigurationName = Release;
		};
		A242868C1A4188AF00AABDF9 /* Build configuration list for PBXNativeTarget "Anccccccc" */ = {
			isa = XCConfigurationList;
			buildConfigurations = (
				A242868D1A4188AF00AABDF9 /* Debug */,
				A242868E1A4188AF00AABDF9 /* Release */,
			);
			defaultConfigurationIsVisible = 0;
			defaultConfigurationName = Release;
		};
/* End XCConfigurationList section */
	};
	rootObject = A24286731A4188AE00AABDF9 /* Project object */;
}
